
Microsoft Visual Studio Solution File, Format Version 12.00
# Visual Studio Version 17
VisualStudioVersion = 17.9.34607.119
MinimumVisualStudioVersion = 10.0.40219.1
Project("{8BC9CEB8-8B4A-11D0-8D11-00A0C91BC942}") = "lr8", "lr8.vcxproj", "{D4C03011-DF9F-494D-AD66-609ADAD4BFF3}"
EndProject
Global
	GlobalSection(SolutionConfigurationPlatforms) = preSolution
		Debug|x64 = Debug|x64
		Debug|x86 = Debug|x86
		Release|x64 = Release|x64
		Release|x86 = Release|x86
	EndGlobalSection
	GlobalSection(ProjectConfigurationPlatforms) = postSolution
		{D4C03011-DF9F-494D-AD66-609ADAD4BFF3}.Debug|x64.ActiveCfg = Debug|x64
		{D4C03011-DF9F-494D-AD66-609ADAD4BFF3}.Debug|x64.Build.0 = Debug|x64
		{D4C03011-DF9F-494D-AD66-609ADAD4BFF3}.Debug|x86.ActiveCfg = Debug|Win32
		{D4C03011-DF9F-494D-AD66-609ADAD4BFF3}.Debug|x86.Build.0 = Debug|Win32
		{D4C03011-DF9F-494D-AD66-609ADAD4BFF3}.Release|x64.ActiveCfg = Release|x64
		{D4C03011-DF9F-494D-AD66-609ADAD4BFF3}.Release|x64.Build.0 = Release|x64
		{D4C03011-DF9F-494D-AD66-609ADAD4BFF3}.Release|x86.ActiveCfg = Release|Win32
		{D4C03011-DF9F-494D-AD66-609ADAD4BFF3}.Release|x86.Build.0 = Release|Win32
	EndGlobalSection
	GlobalSection(SolutionProperties) = preSolution
		HideSolutionNode = FALSE
	EndGlobalSection
	GlobalSection(ExtensibilityGlobals) = postSolution
		SolutionGuid = {C0AB6900-281F-4398-9A22-1BB3AFEF9943}
	EndGlobalSection
EndGlobal
