
Microsoft Visual Studio Solution File, Format Version 12.00
# Visual Studio Version 17
VisualStudioVersion = 17.13.36105.23
MinimumVisualStudioVersion = 10.0.40219.1
Project("{FAE04EC0-301F-11D3-BF4B-00C04F79EFBC}") = "Core", "Core\Core.csproj", "{20A3B8D3-2523-49F8-A7A4-860787E11DD7}"
EndProject
Project("{FAE04EC0-301F-11D3-BF4B-00C04F79EFBC}") = "Infrastructure", "Infrastructure\Infrastructure.csproj", "{2AE6018F-F4E3-4156-A43D-FB255D02375C}"
EndProject
Project("{FAE04EC0-301F-11D3-BF4B-00C04F79EFBC}") = "UI", "UI\UI.csproj", "{86064A2C-38FB-4927-9EC2-92ACE2E4364A}"
EndProject
Global
	GlobalSection(SolutionConfigurationPlatforms) = preSolution
		Debug|Any CPU = Debug|Any CPU
		Release|Any CPU = Release|Any CPU
	EndGlobalSection
	GlobalSection(ProjectConfigurationPlatforms) = postSolution
		{20A3B8D3-2523-49F8-A7A4-860787E11DD7}.Debug|Any CPU.ActiveCfg = Debug|Any CPU
		{20A3B8D3-2523-49F8-A7A4-860787E11DD7}.Debug|Any CPU.Build.0 = Debug|Any CPU
		{20A3B8D3-2523-49F8-A7A4-860787E11DD7}.Release|Any CPU.ActiveCfg = Release|Any CPU
		{20A3B8D3-2523-49F8-A7A4-860787E11DD7}.Release|Any CPU.Build.0 = Release|Any CPU
		{2AE6018F-F4E3-4156-A43D-FB255D02375C}.Debug|Any CPU.ActiveCfg = Debug|Any CPU
		{2AE6018F-F4E3-4156-A43D-FB255D02375C}.Debug|Any CPU.Build.0 = Debug|Any CPU
		{2AE6018F-F4E3-4156-A43D-FB255D02375C}.Release|Any CPU.ActiveCfg = Release|Any CPU
		{2AE6018F-F4E3-4156-A43D-FB255D02375C}.Release|Any CPU.Build.0 = Release|Any CPU
		{86064A2C-38FB-4927-9EC2-92ACE2E4364A}.Debug|Any CPU.ActiveCfg = Debug|Any CPU
		{86064A2C-38FB-4927-9EC2-92ACE2E4364A}.Debug|Any CPU.Build.0 = Debug|Any CPU
		{86064A2C-38FB-4927-9EC2-92ACE2E4364A}.Release|Any CPU.ActiveCfg = Release|Any CPU
		{86064A2C-38FB-4927-9EC2-92ACE2E4364A}.Release|Any CPU.Build.0 = Release|Any CPU
	EndGlobalSection
	GlobalSection(SolutionProperties) = preSolution
		HideSolutionNode = FALSE
	EndGlobalSection
EndGlobal
