
Microsoft Visual Studio Solution File, Format Version 12.00
# Visual Studio Version 17
VisualStudioVersion = 17.9.34714.143
MinimumVisualStudioVersion = 10.0.40219.1
Project("{8BC9CEB8-8B4A-11D0-8D11-00A0C91BC942}") = "cursStruct", "cursStruct.vcxproj", "{D57EE74B-AE7A-474E-92A5-AFC4E2474B24}"
EndProject
Global
	GlobalSection(SolutionConfigurationPlatforms) = preSolution
		Debug|x64 = Debug|x64
		Debug|x86 = Debug|x86
		Release|x64 = Release|x64
		Release|x86 = Release|x86
	EndGlobalSection
	GlobalSection(ProjectConfigurationPlatforms) = postSolution
		{D57EE74B-AE7A-474E-92A5-AFC4E2474B24}.Debug|x64.ActiveCfg = Debug|x64
		{D57EE74B-AE7A-474E-92A5-AFC4E2474B24}.Debug|x64.Build.0 = Debug|x64
		{D57EE74B-AE7A-474E-92A5-AFC4E2474B24}.Debug|x86.ActiveCfg = Debug|Win32
		{D57EE74B-AE7A-474E-92A5-AFC4E2474B24}.Debug|x86.Build.0 = Debug|Win32
		{D57EE74B-AE7A-474E-92A5-AFC4E2474B24}.Release|x64.ActiveCfg = Release|x64
		{D57EE74B-AE7A-474E-92A5-AFC4E2474B24}.Release|x64.Build.0 = Release|x64
		{D57EE74B-AE7A-474E-92A5-AFC4E2474B24}.Release|x86.ActiveCfg = Release|Win32
		{D57EE74B-AE7A-474E-92A5-AFC4E2474B24}.Release|x86.Build.0 = Release|Win32
	EndGlobalSection
	GlobalSection(SolutionProperties) = preSolution
		HideSolutionNode = FALSE
	EndGlobalSection
	GlobalSection(ExtensibilityGlobals) = postSolution
		SolutionGuid = {DE7793B8-888D-4C95-8EEF-293FB3BDB6C1}
	EndGlobalSection
EndGlobal
