
Microsoft Visual Studio Solution File, Format Version 12.00
# Visual Studio Version 17
VisualStudioVersion = 17.8.34309.116
MinimumVisualStudioVersion = 10.0.40219.1
Project("{9A19103F-16F7-4668-BE54-9A1E7A4F7556}") = "Lr", "Lr.csproj", "{E782A445-A48F-45ED-B464-3ED942A26E6E}"
EndProject
Project("{9A19103F-16F7-4668-BE54-9A1E7A4F7556}") = "Lr1", "..\Lr1\Lr1.csproj", "{5D0DD9DF-72F5-4D87-BBE8-6DB6E567991B}"
EndProject
Project("{9A19103F-16F7-4668-BE54-9A1E7A4F7556}") = "Lr2", "..\Lr2\Lr2.csproj", "{20C69DE1-E4E1-47F5-8975-1B455121B17F}"
EndProject
Project("{9A19103F-16F7-4668-BE54-9A1E7A4F7556}") = "Lr4", "..\Lr4\Lr4.csproj", "{93E9686A-F7FF-4315-A599-0930B203A577}"
EndProject
Project("{9A19103F-16F7-4668-BE54-9A1E7A4F7556}") = "Lr5", "..\Lab5\Lr5.csproj", "{027ECDCE-28EE-494F-A677-6B50752F04D3}"
EndProject
Project("{9A19103F-16F7-4668-BE54-9A1E7A4F7556}") = "Lr6", "..\Lr6\Lr6.csproj", "{964BE56C-59C8-45EA-8F87-7789E03A8C5F}"
EndProject
Project("{9A19103F-16F7-4668-BE54-9A1E7A4F7556}") = "acrhiver", "..\HuffmanTree\acrhiver.csproj", "{DCD97F22-794F-4E1D-882C-79C49E08D0DE}"
EndProject
Project("{9A19103F-16F7-4668-BE54-9A1E7A4F7556}") = "Sort", "..\Sort\Sort.csproj", "{92139F37-0CCE-48E0-8A57-10943C792316}"
EndProject
Project("{9A19103F-16F7-4668-BE54-9A1E7A4F7556}") = "FrequencyDict", "..\FrequencyDict\FrequencyDict.csproj", "{88E041D6-EC23-4E18-B0C5-77EDAD961743}"
EndProject
Project("{FAE04EC0-301F-11D3-BF4B-00C04F79EFBC}") = "Hash", "..\Hash\Hash.csproj", "{0A6AC513-CD2E-4565-9C9C-A9E182408000}"
EndProject
Global
	GlobalSection(SolutionConfigurationPlatforms) = preSolution
		Debug|Any CPU = Debug|Any CPU
		Release|Any CPU = Release|Any CPU
	EndGlobalSection
	GlobalSection(ProjectConfigurationPlatforms) = postSolution
		{E782A445-A48F-45ED-B464-3ED942A26E6E}.Debug|Any CPU.ActiveCfg = Debug|Any CPU
		{E782A445-A48F-45ED-B464-3ED942A26E6E}.Debug|Any CPU.Build.0 = Debug|Any CPU
		{E782A445-A48F-45ED-B464-3ED942A26E6E}.Release|Any CPU.ActiveCfg = Release|Any CPU
		{E782A445-A48F-45ED-B464-3ED942A26E6E}.Release|Any CPU.Build.0 = Release|Any CPU
		{5D0DD9DF-72F5-4D87-BBE8-6DB6E567991B}.Debug|Any CPU.ActiveCfg = Debug|Any CPU
		{5D0DD9DF-72F5-4D87-BBE8-6DB6E567991B}.Debug|Any CPU.Build.0 = Debug|Any CPU
		{5D0DD9DF-72F5-4D87-BBE8-6DB6E567991B}.Release|Any CPU.ActiveCfg = Release|Any CPU
		{5D0DD9DF-72F5-4D87-BBE8-6DB6E567991B}.Release|Any CPU.Build.0 = Release|Any CPU
		{20C69DE1-E4E1-47F5-8975-1B455121B17F}.Debug|Any CPU.ActiveCfg = Debug|Any CPU
		{20C69DE1-E4E1-47F5-8975-1B455121B17F}.Debug|Any CPU.Build.0 = Debug|Any CPU
		{20C69DE1-E4E1-47F5-8975-1B455121B17F}.Release|Any CPU.ActiveCfg = Release|Any CPU
		{20C69DE1-E4E1-47F5-8975-1B455121B17F}.Release|Any CPU.Build.0 = Release|Any CPU
		{93E9686A-F7FF-4315-A599-0930B203A577}.Debug|Any CPU.ActiveCfg = Debug|Any CPU
		{93E9686A-F7FF-4315-A599-0930B203A577}.Debug|Any CPU.Build.0 = Debug|Any CPU
		{93E9686A-F7FF-4315-A599-0930B203A577}.Release|Any CPU.ActiveCfg = Release|Any CPU
		{93E9686A-F7FF-4315-A599-0930B203A577}.Release|Any CPU.Build.0 = Release|Any CPU
		{027ECDCE-28EE-494F-A677-6B50752F04D3}.Debug|Any CPU.ActiveCfg = Debug|Any CPU
		{027ECDCE-28EE-494F-A677-6B50752F04D3}.Debug|Any CPU.Build.0 = Debug|Any CPU
		{027ECDCE-28EE-494F-A677-6B50752F04D3}.Release|Any CPU.ActiveCfg = Release|Any CPU
		{027ECDCE-28EE-494F-A677-6B50752F04D3}.Release|Any CPU.Build.0 = Release|Any CPU
		{964BE56C-59C8-45EA-8F87-7789E03A8C5F}.Debug|Any CPU.ActiveCfg = Debug|Any CPU
		{964BE56C-59C8-45EA-8F87-7789E03A8C5F}.Debug|Any CPU.Build.0 = Debug|Any CPU
		{964BE56C-59C8-45EA-8F87-7789E03A8C5F}.Release|Any CPU.ActiveCfg = Release|Any CPU
		{964BE56C-59C8-45EA-8F87-7789E03A8C5F}.Release|Any CPU.Build.0 = Release|Any CPU
		{DCD97F22-794F-4E1D-882C-79C49E08D0DE}.Debug|Any CPU.ActiveCfg = Debug|Any CPU
		{DCD97F22-794F-4E1D-882C-79C49E08D0DE}.Debug|Any CPU.Build.0 = Debug|Any CPU
		{DCD97F22-794F-4E1D-882C-79C49E08D0DE}.Release|Any CPU.ActiveCfg = Release|Any CPU
		{DCD97F22-794F-4E1D-882C-79C49E08D0DE}.Release|Any CPU.Build.0 = Release|Any CPU
		{92139F37-0CCE-48E0-8A57-10943C792316}.Debug|Any CPU.ActiveCfg = Debug|Any CPU
		{92139F37-0CCE-48E0-8A57-10943C792316}.Debug|Any CPU.Build.0 = Debug|Any CPU
		{92139F37-0CCE-48E0-8A57-10943C792316}.Release|Any CPU.ActiveCfg = Release|Any CPU
		{92139F37-0CCE-48E0-8A57-10943C792316}.Release|Any CPU.Build.0 = Release|Any CPU
		{88E041D6-EC23-4E18-B0C5-77EDAD961743}.Debug|Any CPU.ActiveCfg = Debug|Any CPU
		{88E041D6-EC23-4E18-B0C5-77EDAD961743}.Debug|Any CPU.Build.0 = Debug|Any CPU
		{88E041D6-EC23-4E18-B0C5-77EDAD961743}.Release|Any CPU.ActiveCfg = Release|Any CPU
		{88E041D6-EC23-4E18-B0C5-77EDAD961743}.Release|Any CPU.Build.0 = Release|Any CPU
		{0A6AC513-CD2E-4565-9C9C-A9E182408000}.Debug|Any CPU.ActiveCfg = Debug|Any CPU
		{0A6AC513-CD2E-4565-9C9C-A9E182408000}.Debug|Any CPU.Build.0 = Debug|Any CPU
		{0A6AC513-CD2E-4565-9C9C-A9E182408000}.Release|Any CPU.ActiveCfg = Release|Any CPU
		{0A6AC513-CD2E-4565-9C9C-A9E182408000}.Release|Any CPU.Build.0 = Release|Any CPU
	EndGlobalSection
	GlobalSection(SolutionProperties) = preSolution
		HideSolutionNode = FALSE
	EndGlobalSection
	GlobalSection(ExtensibilityGlobals) = postSolution
		SolutionGuid = {F9B435B4-7D76-41B6-979B-082B1382CDAB}
	EndGlobalSection
EndGlobal
